// !$*UTF8*$!
{
	archiveVersion = 1;
	classes = {
	};
	objectVersion = 51;
	objects = {

/* Begin PBXBuildFile section */
		3544475B8619DB3471C8E9BF /* Pods_TelstaCodeBase.framework in Frameworks */ = {isa = PBXBuildFile; fileRef = F134C1A724DD000EA328EBFC /* Pods_TelstaCodeBase.framework */; };
		41A3E5991450BDE9CBDF83C4 /* Pods_TelstaCodeBaseTests.framework in Frameworks */ = {isa = PBXBuildFile; fileRef = 8C27E1EE41FA60B746BA3315 /* Pods_TelstaCodeBaseTests.framework */; };
		9834740A24A51785009C4C40 /* AppDelegate.swift in Sources */ = {isa = PBXBuildFile; fileRef = 9834740924A51785009C4C40 /* AppDelegate.swift */; };
		9834741324A51791009C4C40 /* Assets.xcassets in Resources */ = {isa = PBXBuildFile; fileRef = 9834741224A51791009C4C40 /* Assets.xcassets */; };
		9834741624A51791009C4C40 /* LaunchScreen.storyboard in Resources */ = {isa = PBXBuildFile; fileRef = 9834741424A51791009C4C40 /* LaunchScreen.storyboard */; };
		985F57DA24A5B8F50050267C /* ListViewController.swift in Sources */ = {isa = PBXBuildFile; fileRef = 985F57D924A5B8F50050267C /* ListViewController.swift */; };
		985F57DC24A5B9700050267C /* DataTableViewCell.swift in Sources */ = {isa = PBXBuildFile; fileRef = 985F57DB24A5B9700050267C /* DataTableViewCell.swift */; };
		985F57DE24A5B9930050267C /* ListModel.swift in Sources */ = {isa = PBXBuildFile; fileRef = 985F57DD24A5B9930050267C /* ListModel.swift */; };
		985F57E024A5C1D90050267C /* ListService.swift in Sources */ = {isa = PBXBuildFile; fileRef = 985F57DF24A5C1D90050267C /* ListService.swift */; };
		985F57E824A5E16D0050267C /* Performance.swift in Sources */ = {isa = PBXBuildFile; fileRef = 985F57E724A5E16D0050267C /* Performance.swift */; };
		985F57EC24A5E7000050267C /* ListTableViewCellTest.swift in Sources */ = {isa = PBXBuildFile; fileRef = 985F57EB24A5E7000050267C /* ListTableViewCellTest.swift */; };
		985F57EE24A5E75A0050267C /* ListServiceTest.swift in Sources */ = {isa = PBXBuildFile; fileRef = 985F57ED24A5E75A0050267C /* ListServiceTest.swift */; };
		98E8275324AB1364006E77FB /* TelstaCodeBaseUITests.swift in Sources */ = {isa = PBXBuildFile; fileRef = 98E8275224AB1364006E77FB /* TelstaCodeBaseUITests.swift */; };
/* End PBXBuildFile section */

/* Begin PBXContainerItemProxy section */
		9834741D24A51792009C4C40 /* PBXContainerItemProxy */ = {
			isa = PBXContainerItemProxy;
			containerPortal = 983473FE24A51784009C4C40 /* Project object */;
			proxyType = 1;
			remoteGlobalIDString = 9834740524A51784009C4C40;
			remoteInfo = TelistaCodeBase;
		};
		98E8275524AB1364006E77FB /* PBXContainerItemProxy */ = {
			isa = PBXContainerItemProxy;
			containerPortal = 983473FE24A51784009C4C40 /* Project object */;
			proxyType = 1;
			remoteGlobalIDString = 9834740524A51784009C4C40;
			remoteInfo = TelstaCodeBase;
		};
/* End PBXContainerItemProxy section */

/* Begin PBXFileReference section */
		09C7A547496943106899F110 /* Pods-TelistaCodeBaseTests.release.xcconfig */ = {isa = PBXFileReference; includeInIndex = 1; lastKnownFileType = text.xcconfig; name = "Pods-TelistaCodeBaseTests.release.xcconfig"; path = "Target Support Files/Pods-TelistaCodeBaseTests/Pods-TelistaCodeBaseTests.release.xcconfig"; sourceTree = "<group>"; };
		1ABC673E68562826D568DD50 /* Pods-TelistaCodeBase.debug.xcconfig */ = {isa = PBXFileReference; includeInIndex = 1; lastKnownFileType = text.xcconfig; name = "Pods-TelistaCodeBase.debug.xcconfig"; path = "Target Support Files/Pods-TelistaCodeBase/Pods-TelistaCodeBase.debug.xcconfig"; sourceTree = "<group>"; };
		24084FF90268B45D4CA9F722 /* Pods-TelistaCodeBaseTests.debug.xcconfig */ = {isa = PBXFileReference; includeInIndex = 1; lastKnownFileType = text.xcconfig; name = "Pods-TelistaCodeBaseTests.debug.xcconfig"; path = "Target Support Files/Pods-TelistaCodeBaseTests/Pods-TelistaCodeBaseTests.debug.xcconfig"; sourceTree = "<group>"; };
		26268F76F22A8150AB7D17A3 /* Pods-TelistaCodeBase.release.xcconfig */ = {isa = PBXFileReference; includeInIndex = 1; lastKnownFileType = text.xcconfig; name = "Pods-TelistaCodeBase.release.xcconfig"; path = "Target Support Files/Pods-TelistaCodeBase/Pods-TelistaCodeBase.release.xcconfig"; sourceTree = "<group>"; };
		2C70014F65A11C2F6192CDC6 /* Pods-TelstaCodeBaseTests.debug.xcconfig */ = {isa = PBXFileReference; includeInIndex = 1; lastKnownFileType = text.xcconfig; name = "Pods-TelstaCodeBaseTests.debug.xcconfig"; path = "Target Support Files/Pods-TelstaCodeBaseTests/Pods-TelstaCodeBaseTests.debug.xcconfig"; sourceTree = "<group>"; };
		60462D8BF0595C86C5916F87 /* Pods-TelstaCodeBase.release.xcconfig */ = {isa = PBXFileReference; includeInIndex = 1; lastKnownFileType = text.xcconfig; name = "Pods-TelstaCodeBase.release.xcconfig"; path = "Target Support Files/Pods-TelstaCodeBase/Pods-TelstaCodeBase.release.xcconfig"; sourceTree = "<group>"; };
		687E83C9F95C10F7C2886E44 /* Pods-TelstaCodeBaseTests.release.xcconfig */ = {isa = PBXFileReference; includeInIndex = 1; lastKnownFileType = text.xcconfig; name = "Pods-TelstaCodeBaseTests.release.xcconfig"; path = "Target Support Files/Pods-TelstaCodeBaseTests/Pods-TelstaCodeBaseTests.release.xcconfig"; sourceTree = "<group>"; };
		8BDD9DE160A3E96E9A555CA8 /* Pods-TelstaCodeBase.debug.xcconfig */ = {isa = PBXFileReference; includeInIndex = 1; lastKnownFileType = text.xcconfig; name = "Pods-TelstaCodeBase.debug.xcconfig"; path = "Target Support Files/Pods-TelstaCodeBase/Pods-TelstaCodeBase.debug.xcconfig"; sourceTree = "<group>"; };
		8C27E1EE41FA60B746BA3315 /* Pods_TelstaCodeBaseTests.framework */ = {isa = PBXFileReference; explicitFileType = wrapper.framework; includeInIndex = 0; path = Pods_TelstaCodeBaseTests.framework; sourceTree = BUILT_PRODUCTS_DIR; };
		9834740624A51784009C4C40 /* TelstaCodeBase.app */ = {isa = PBXFileReference; explicitFileType = wrapper.application; includeInIndex = 0; path = TelstaCodeBase.app; sourceTree = BUILT_PRODUCTS_DIR; };
		9834740924A51785009C4C40 /* AppDelegate.swift */ = {isa = PBXFileReference; lastKnownFileType = sourcecode.swift; path = AppDelegate.swift; sourceTree = "<group>"; };
		9834741224A51791009C4C40 /* Assets.xcassets */ = {isa = PBXFileReference; lastKnownFileType = folder.assetcatalog; path = Assets.xcassets; sourceTree = "<group>"; };
		9834741524A51791009C4C40 /* Base */ = {isa = PBXFileReference; lastKnownFileType = file.storyboard; name = Base; path = Base.lproj/LaunchScreen.storyboard; sourceTree = "<group>"; };
		9834741724A51792009C4C40 /* Info.plist */ = {isa = PBXFileReference; lastKnownFileType = text.plist.xml; path = Info.plist; sourceTree = "<group>"; };
		9834741C24A51792009C4C40 /* TelstaCodeBaseTests.xctest */ = {isa = PBXFileReference; explicitFileType = wrapper.cfbundle; includeInIndex = 0; path = TelstaCodeBaseTests.xctest; sourceTree = BUILT_PRODUCTS_DIR; };
		9834742224A51792009C4C40 /* Info.plist */ = {isa = PBXFileReference; lastKnownFileType = text.plist.xml; path = Info.plist; sourceTree = "<group>"; };
		985F57D924A5B8F50050267C /* ListViewController.swift */ = {isa = PBXFileReference; lastKnownFileType = sourcecode.swift; path = ListViewController.swift; sourceTree = "<group>"; };
		985F57DB24A5B9700050267C /* DataTableViewCell.swift */ = {isa = PBXFileReference; lastKnownFileType = sourcecode.swift; path = DataTableViewCell.swift; sourceTree = "<group>"; };
		985F57DD24A5B9930050267C /* ListModel.swift */ = {isa = PBXFileReference; lastKnownFileType = sourcecode.swift; path = ListModel.swift; sourceTree = "<group>"; };
		985F57DF24A5C1D90050267C /* ListService.swift */ = {isa = PBXFileReference; lastKnownFileType = sourcecode.swift; path = ListService.swift; sourceTree = "<group>"; };
		985F57E724A5E16D0050267C /* Performance.swift */ = {isa = PBXFileReference; lastKnownFileType = sourcecode.swift; path = Performance.swift; sourceTree = "<group>"; };
		985F57EB24A5E7000050267C /* ListTableViewCellTest.swift */ = {isa = PBXFileReference; lastKnownFileType = sourcecode.swift; path = ListTableViewCellTest.swift; sourceTree = "<group>"; };
		985F57ED24A5E75A0050267C /* ListServiceTest.swift */ = {isa = PBXFileReference; lastKnownFileType = sourcecode.swift; path = ListServiceTest.swift; sourceTree = "<group>"; };
		98E8275024AB1364006E77FB /* TelstaCodeBaseUITests.xctest */ = {isa = PBXFileReference; explicitFileType = wrapper.cfbundle; includeInIndex = 0; path = TelstaCodeBaseUITests.xctest; sourceTree = BUILT_PRODUCTS_DIR; };
		98E8275224AB1364006E77FB /* TelstaCodeBaseUITests.swift */ = {isa = PBXFileReference; lastKnownFileType = sourcecode.swift; path = TelstaCodeBaseUITests.swift; sourceTree = "<group>"; };
		98E8275424AB1364006E77FB /* Info.plist */ = {isa = PBXFileReference; lastKnownFileType = text.plist.xml; path = Info.plist; sourceTree = "<group>"; };
		F134C1A724DD000EA328EBFC /* Pods_TelstaCodeBase.framework */ = {isa = PBXFileReference; explicitFileType = wrapper.framework; includeInIndex = 0; path = Pods_TelstaCodeBase.framework; sourceTree = BUILT_PRODUCTS_DIR; };
/* End PBXFileReference section */

/* Begin PBXFrameworksBuildPhase section */
		9834740324A51784009C4C40 /* Frameworks */ = {
			isa = PBXFrameworksBuildPhase;
			buildActionMask = 2147483647;
			files = (
				3544475B8619DB3471C8E9BF /* Pods_TelstaCodeBase.framework in Frameworks */,
			);
			runOnlyForDeploymentPostprocessing = 0;
		};
		9834741924A51792009C4C40 /* Frameworks */ = {
			isa = PBXFrameworksBuildPhase;
			buildActionMask = 2147483647;
			files = (
				41A3E5991450BDE9CBDF83C4 /* Pods_TelstaCodeBaseTests.framework in Frameworks */,
			);
			runOnlyForDeploymentPostprocessing = 0;
		};
		98E8274D24AB1364006E77FB /* Frameworks */ = {
			isa = PBXFrameworksBuildPhase;
			buildActionMask = 2147483647;
			files = (
			);
			runOnlyForDeploymentPostprocessing = 0;
		};
/* End PBXFrameworksBuildPhase section */

/* Begin PBXGroup section */
		01887F7061387914F2335B05 /* Frameworks */ = {
			isa = PBXGroup;
			children = (
				F134C1A724DD000EA328EBFC /* Pods_TelstaCodeBase.framework */,
				8C27E1EE41FA60B746BA3315 /* Pods_TelstaCodeBaseTests.framework */,
			);
			name = Frameworks;
			sourceTree = "<group>";
		};
		07EEE0BCA68CB053D4BE2FA8 /* Pods */ = {
			isa = PBXGroup;
			children = (
				1ABC673E68562826D568DD50 /* Pods-TelistaCodeBase.debug.xcconfig */,
				26268F76F22A8150AB7D17A3 /* Pods-TelistaCodeBase.release.xcconfig */,
				24084FF90268B45D4CA9F722 /* Pods-TelistaCodeBaseTests.debug.xcconfig */,
				09C7A547496943106899F110 /* Pods-TelistaCodeBaseTests.release.xcconfig */,
				8BDD9DE160A3E96E9A555CA8 /* Pods-TelstaCodeBase.debug.xcconfig */,
				60462D8BF0595C86C5916F87 /* Pods-TelstaCodeBase.release.xcconfig */,
				2C70014F65A11C2F6192CDC6 /* Pods-TelstaCodeBaseTests.debug.xcconfig */,
				687E83C9F95C10F7C2886E44 /* Pods-TelstaCodeBaseTests.release.xcconfig */,
			);
			path = Pods;
			sourceTree = "<group>";
		};
		983473FD24A51784009C4C40 = {
			isa = PBXGroup;
			children = (
				9834740824A51784009C4C40 /* TelistaCodeBase */,
				9834741F24A51792009C4C40 /* TelistaCodeBaseTests */,
				98E8275124AB1364006E77FB /* TelstaCodeBaseUITests */,
				9834740724A51784009C4C40 /* Products */,
				07EEE0BCA68CB053D4BE2FA8 /* Pods */,
				01887F7061387914F2335B05 /* Frameworks */,
			);
			sourceTree = "<group>";
		};
		9834740724A51784009C4C40 /* Products */ = {
			isa = PBXGroup;
			children = (
				9834740624A51784009C4C40 /* TelstaCodeBase.app */,
				9834741C24A51792009C4C40 /* TelstaCodeBaseTests.xctest */,
				98E8275024AB1364006E77FB /* TelstaCodeBaseUITests.xctest */,
			);
			name = Products;
			sourceTree = "<group>";
		};
		9834740824A51784009C4C40 /* TelistaCodeBase */ = {
			isa = PBXGroup;
			children = (
				9834741424A51791009C4C40 /* LaunchScreen.storyboard */,
				985F57E624A5E0810050267C /* SupportingFiles */,
				985F57E524A5DFD00050267C /* ViewModel */,
				985F57E424A5DFC80050267C /* View */,
				985F57E324A5DFBD0050267C /* Model */,
				9834741224A51791009C4C40 /* Assets.xcassets */,
			);
			path = TelistaCodeBase;
			sourceTree = "<group>";
		};
		9834741F24A51792009C4C40 /* TelistaCodeBaseTests */ = {
			isa = PBXGroup;
			children = (
				9834742224A51792009C4C40 /* Info.plist */,
				985F57E724A5E16D0050267C /* Performance.swift */,
				985F57EB24A5E7000050267C /* ListTableViewCellTest.swift */,
				985F57ED24A5E75A0050267C /* ListServiceTest.swift */,
			);
			path = TelistaCodeBaseTests;
			sourceTree = "<group>";
		};
		985F57E324A5DFBD0050267C /* Model */ = {
			isa = PBXGroup;
			children = (
				985F57DD24A5B9930050267C /* ListModel.swift */,
			);
			path = Model;
			sourceTree = "<group>";
		};
		985F57E424A5DFC80050267C /* View */ = {
			isa = PBXGroup;
			children = (
				985F57DB24A5B9700050267C /* DataTableViewCell.swift */,
				985F57D924A5B8F50050267C /* ListViewController.swift */,
			);
			path = View;
			sourceTree = "<group>";
		};
		985F57E524A5DFD00050267C /* ViewModel */ = {
			isa = PBXGroup;
			children = (
				985F57DF24A5C1D90050267C /* ListService.swift */,
			);
			path = ViewModel;
			sourceTree = "<group>";
		};
		985F57E624A5E0810050267C /* SupportingFiles */ = {
			isa = PBXGroup;
			children = (
				9834741724A51792009C4C40 /* Info.plist */,
				9834740924A51785009C4C40 /* AppDelegate.swift */,
			);
			path = SupportingFiles;
			sourceTree = "<group>";
		};
		98E8275124AB1364006E77FB /* TelstaCodeBaseUITests */ = {
			isa = PBXGroup;
			children = (
				98E8275224AB1364006E77FB /* TelstaCodeBaseUITests.swift */,
				98E8275424AB1364006E77FB /* Info.plist */,
			);
			path = TelstaCodeBaseUITests;
			sourceTree = "<group>";
		};
/* End PBXGroup section */

/* Begin PBXNativeTarget section */
		9834740524A51784009C4C40 /* TelstaCodeBase */ = {
			isa = PBXNativeTarget;
			buildConfigurationList = 9834743024A51793009C4C40 /* Build configuration list for PBXNativeTarget "TelstaCodeBase" */;
			buildPhases = (
				8314C1DAEE7196B08435E4F0 /* [CP] Check Pods Manifest.lock */,
				9834740224A51784009C4C40 /* Sources */,
				9834740324A51784009C4C40 /* Frameworks */,
				9834740424A51784009C4C40 /* Resources */,
				EAB1BFE59D40A9DC6F0BC726 /* [CP] Embed Pods Frameworks */,
				98E8274924AAFF80006E77FB /* ShellScript */,
			);
			buildRules = (
			);
			dependencies = (
			);
			name = TelstaCodeBase;
			productName = TelistaCodeBase;
			productReference = 9834740624A51784009C4C40 /* TelstaCodeBase.app */;
			productType = "com.apple.product-type.application";
		};
		9834741B24A51792009C4C40 /* TelstaCodeBaseTests */ = {
			isa = PBXNativeTarget;
			buildConfigurationList = 9834743324A51793009C4C40 /* Build configuration list for PBXNativeTarget "TelstaCodeBaseTests" */;
			buildPhases = (
				7D8D6A3E7D0AA8127F067FD9 /* [CP] Check Pods Manifest.lock */,
				9834741824A51792009C4C40 /* Sources */,
				9834741924A51792009C4C40 /* Frameworks */,
				9834741A24A51792009C4C40 /* Resources */,
			);
			buildRules = (
			);
			dependencies = (
				9834741E24A51792009C4C40 /* PBXTargetDependency */,
			);
			name = TelstaCodeBaseTests;
			productName = TelistaCodeBaseTests;
			productReference = 9834741C24A51792009C4C40 /* TelstaCodeBaseTests.xctest */;
			productType = "com.apple.product-type.bundle.unit-test";
		};
		98E8274F24AB1364006E77FB /* TelstaCodeBaseUITests */ = {
			isa = PBXNativeTarget;
			buildConfigurationList = 98E8275724AB1364006E77FB /* Build configuration list for PBXNativeTarget "TelstaCodeBaseUITests" */;
			buildPhases = (
				98E8274C24AB1364006E77FB /* Sources */,
				98E8274D24AB1364006E77FB /* Frameworks */,
				98E8274E24AB1364006E77FB /* Resources */,
			);
			buildRules = (
			);
			dependencies = (
				98E8275624AB1364006E77FB /* PBXTargetDependency */,
			);
			name = TelstaCodeBaseUITests;
			productName = TelstaCodeBaseUITests;
			productReference = 98E8275024AB1364006E77FB /* TelstaCodeBaseUITests.xctest */;
			productType = "com.apple.product-type.bundle.ui-testing";
		};
/* End PBXNativeTarget section */

/* Begin PBXProject section */
		983473FE24A51784009C4C40 /* Project object */ = {
			isa = PBXProject;
			attributes = {
				LastSwiftUpdateCheck = 1140;
				LastUpgradeCheck = 1140;
				ORGANIZATIONNAME = VamsiKrishna;
				TargetAttributes = {
					9834740524A51784009C4C40 = {
						CreatedOnToolsVersion = 11.4.1;
					};
					9834741B24A51792009C4C40 = {
						CreatedOnToolsVersion = 11.4.1;
						TestTargetID = 9834740524A51784009C4C40;
					};
					98E8274F24AB1364006E77FB = {
						CreatedOnToolsVersion = 11.4.1;
						TestTargetID = 9834740524A51784009C4C40;
					};
				};
			};
			buildConfigurationList = 9834740124A51784009C4C40 /* Build configuration list for PBXProject "TelstaCodeBase" */;
			compatibilityVersion = "Xcode 9.3";
			developmentRegion = en;
			hasScannedForEncodings = 0;
			knownRegions = (
				en,
				Base,
			);
			mainGroup = 983473FD24A51784009C4C40;
			productRefGroup = 9834740724A51784009C4C40 /* Products */;
			projectDirPath = "";
			projectRoot = "";
			targets = (
				9834740524A51784009C4C40 /* TelstaCodeBase */,
				9834741B24A51792009C4C40 /* TelstaCodeBaseTests */,
				98E8274F24AB1364006E77FB /* TelstaCodeBaseUITests */,
			);
		};
/* End PBXProject section */

/* Begin PBXResourcesBuildPhase section */
		9834740424A51784009C4C40 /* Resources */ = {
			isa = PBXResourcesBuildPhase;
			buildActionMask = 2147483647;
			files = (
				9834741624A51791009C4C40 /* LaunchScreen.storyboard in Resources */,
				9834741324A51791009C4C40 /* Assets.xcassets in Resources */,
			);
			runOnlyForDeploymentPostprocessing = 0;
		};
		9834741A24A51792009C4C40 /* Resources */ = {
			isa = PBXResourcesBuildPhase;
			buildActionMask = 2147483647;
			files = (
			);
			runOnlyForDeploymentPostprocessing = 0;
		};
		98E8274E24AB1364006E77FB /* Resources */ = {
			isa = PBXResourcesBuildPhase;
			buildActionMask = 2147483647;
			files = (
			);
			runOnlyForDeploymentPostprocessing = 0;
		};
/* End PBXResourcesBuildPhase section */

/* Begin PBXShellScriptBuildPhase section */
		7D8D6A3E7D0AA8127F067FD9 /* [CP] Check Pods Manifest.lock */ = {
			isa = PBXShellScriptBuildPhase;
			buildActionMask = 2147483647;
			files = (
			);
			inputFileListPaths = (
			);
			inputPaths = (
				"${PODS_PODFILE_DIR_PATH}/Podfile.lock",
				"${PODS_ROOT}/Manifest.lock",
			);
			name = "[CP] Check Pods Manifest.lock";
			outputFileListPaths = (
			);
			outputPaths = (
				"$(DERIVED_FILE_DIR)/Pods-TelstaCodeBaseTests-checkManifestLockResult.txt",
			);
			runOnlyForDeploymentPostprocessing = 0;
			shellPath = /bin/sh;
			shellScript = "diff \"${PODS_PODFILE_DIR_PATH}/Podfile.lock\" \"${PODS_ROOT}/Manifest.lock\" > /dev/null\nif [ $? != 0 ] ; then\n    # print error to STDERR\n    echo \"error: The sandbox is not in sync with the Podfile.lock. Run 'pod install' or update your CocoaPods installation.\" >&2\n    exit 1\nfi\n# This output is used by Xcode 'outputs' to avoid re-running this script phase.\necho \"SUCCESS\" > \"${SCRIPT_OUTPUT_FILE_0}\"\n";
			showEnvVarsInLog = 0;
		};
		8314C1DAEE7196B08435E4F0 /* [CP] Check Pods Manifest.lock */ = {
			isa = PBXShellScriptBuildPhase;
			buildActionMask = 2147483647;
			files = (
			);
			inputFileListPaths = (
			);
			inputPaths = (
				"${PODS_PODFILE_DIR_PATH}/Podfile.lock",
				"${PODS_ROOT}/Manifest.lock",
			);
			name = "[CP] Check Pods Manifest.lock";
			outputFileListPaths = (
			);
			outputPaths = (
				"$(DERIVED_FILE_DIR)/Pods-TelstaCodeBase-checkManifestLockResult.txt",
			);
			runOnlyForDeploymentPostprocessing = 0;
			shellPath = /bin/sh;
			shellScript = "diff \"${PODS_PODFILE_DIR_PATH}/Podfile.lock\" \"${PODS_ROOT}/Manifest.lock\" > /dev/null\nif [ $? != 0 ] ; then\n    # print error to STDERR\n    echo \"error: The sandbox is not in sync with the Podfile.lock. Run 'pod install' or update your CocoaPods installation.\" >&2\n    exit 1\nfi\n# This output is used by Xcode 'outputs' to avoid re-running this script phase.\necho \"SUCCESS\" > \"${SCRIPT_OUTPUT_FILE_0}\"\n";
			showEnvVarsInLog = 0;
		};
		98E8274924AAFF80006E77FB /* ShellScript */ = {
			isa = PBXShellScriptBuildPhase;
			buildActionMask = 2147483647;
			files = (
			);
			inputFileListPaths = (
			);
			inputPaths = (
			);
			outputFileListPaths = (
			);
			outputPaths = (
			);
			runOnlyForDeploymentPostprocessing = 0;
			shellPath = /bin/sh;
			shellScript = "\"${PODS_ROOT}/SwiftLint/swiftlint\"\n";
		};
		EAB1BFE59D40A9DC6F0BC726 /* [CP] Embed Pods Frameworks */ = {
			isa = PBXShellScriptBuildPhase;
			buildActionMask = 2147483647;
			files = (
			);
			inputFileListPaths = (
				"${PODS_ROOT}/Target Support Files/Pods-TelstaCodeBase/Pods-TelstaCodeBase-frameworks-${CONFIGURATION}-input-files.xcfilelist",
			);
			name = "[CP] Embed Pods Frameworks";
			outputFileListPaths = (
				"${PODS_ROOT}/Target Support Files/Pods-TelstaCodeBase/Pods-TelstaCodeBase-frameworks-${CONFIGURATION}-output-files.xcfilelist",
			);
			runOnlyForDeploymentPostprocessing = 0;
			shellPath = /bin/sh;
			shellScript = "\"${PODS_ROOT}/Target Support Files/Pods-TelstaCodeBase/Pods-TelstaCodeBase-frameworks.sh\"\n";
			showEnvVarsInLog = 0;
		};
/* End PBXShellScriptBuildPhase section */

/* Begin PBXSourcesBuildPhase section */
		9834740224A51784009C4C40 /* Sources */ = {
			isa = PBXSourcesBuildPhase;
			buildActionMask = 2147483647;
			files = (
				985F57DA24A5B8F50050267C /* ListViewController.swift in Sources */,
				9834740A24A51785009C4C40 /* AppDelegate.swift in Sources */,
				985F57E024A5C1D90050267C /* ListService.swift in Sources */,
				985F57DE24A5B9930050267C /* ListModel.swift in Sources */,
				985F57DC24A5B9700050267C /* DataTableViewCell.swift in Sources */,
			);
			runOnlyForDeploymentPostprocessing = 0;
		};
		9834741824A51792009C4C40 /* Sources */ = {
			isa = PBXSourcesBuildPhase;
			buildActionMask = 2147483647;
			files = (
				985F57E824A5E16D0050267C /* Performance.swift in Sources */,
				985F57EE24A5E75A0050267C /* ListServiceTest.swift in Sources */,
				985F57EC24A5E7000050267C /* ListTableViewCellTest.swift in Sources */,
			);
			runOnlyForDeploymentPostprocessing = 0;
		};
		98E8274C24AB1364006E77FB /* Sources */ = {
			isa = PBXSourcesBuildPhase;
			buildActionMask = 2147483647;
			files = (
				98E8275324AB1364006E77FB /* TelstaCodeBaseUITests.swift in Sources */,
			);
			runOnlyForDeploymentPostprocessing = 0;
		};
/* End PBXSourcesBuildPhase section */

/* Begin PBXTargetDependency section */
		9834741E24A51792009C4C40 /* PBXTargetDependency */ = {
			isa = PBXTargetDependency;
			target = 9834740524A51784009C4C40 /* TelstaCodeBase */;
			targetProxy = 9834741D24A51792009C4C40 /* PBXContainerItemProxy */;
		};
		98E8275624AB1364006E77FB /* PBXTargetDependency */ = {
			isa = PBXTargetDependency;
			target = 9834740524A51784009C4C40 /* TelstaCodeBase */;
			targetProxy = 98E8275524AB1364006E77FB /* PBXContainerItemProxy */;
		};
/* End PBXTargetDependency section */

/* Begin PBXVariantGroup section */
		9834741424A51791009C4C40 /* LaunchScreen.storyboard */ = {
			isa = PBXVariantGroup;
			children = (
				9834741524A51791009C4C40 /* Base */,
			);
			name = LaunchScreen.storyboard;
			sourceTree = "<group>";
		};
/* End PBXVariantGroup section */

/* Begin XCBuildConfiguration section */
		9834742E24A51793009C4C40 /* Debug */ = {
			isa = XCBuildConfiguration;
			buildSettings = {
				ALWAYS_SEARCH_USER_PATHS = NO;
				CLANG_ANALYZER_NONNULL = YES;
				CLANG_ANALYZER_NUMBER_OBJECT_CONVERSION = YES_AGGRESSIVE;
				CLANG_CXX_LANGUAGE_STANDARD = "gnu++14";
				CLANG_CXX_LIBRARY = "libc++";
				CLANG_ENABLE_MODULES = YES;
				CLANG_ENABLE_OBJC_ARC = YES;
				CLANG_ENABLE_OBJC_WEAK = YES;
				CLANG_WARN_BLOCK_CAPTURE_AUTORELEASING = YES;
				CLANG_WARN_BOOL_CONVERSION = YES;
				CLANG_WARN_COMMA = YES;
				CLANG_WARN_CONSTANT_CONVERSION = YES;
				CLANG_WARN_DEPRECATED_OBJC_IMPLEMENTATIONS = YES;
				CLANG_WARN_DIRECT_OBJC_ISA_USAGE = YES_ERROR;
				CLANG_WARN_DOCUMENTATION_COMMENTS = YES;
				CLANG_WARN_EMPTY_BODY = YES;
				CLANG_WARN_ENUM_CONVERSION = YES;
				CLANG_WARN_INFINITE_RECURSION = YES;
				CLANG_WARN_INT_CONVERSION = YES;
				CLANG_WARN_NON_LITERAL_NULL_CONVERSION = YES;
				CLANG_WARN_OBJC_IMPLICIT_RETAIN_SELF = YES;
				CLANG_WARN_OBJC_LITERAL_CONVERSION = YES;
				CLANG_WARN_OBJC_ROOT_CLASS = YES_ERROR;
				CLANG_WARN_RANGE_LOOP_ANALYSIS = YES;
				CLANG_WARN_STRICT_PROTOTYPES = YES;
				CLANG_WARN_SUSPICIOUS_MOVE = YES;
				CLANG_WARN_UNGUARDED_AVAILABILITY = YES_AGGRESSIVE;
				CLANG_WARN_UNREACHABLE_CODE = YES;
				CLANG_WARN__DUPLICATE_METHOD_MATCH = YES;
				COPY_PHASE_STRIP = NO;
				DEBUG_INFORMATION_FORMAT = dwarf;
				ENABLE_STRICT_OBJC_MSGSEND = YES;
				ENABLE_TESTABILITY = YES;
				GCC_C_LANGUAGE_STANDARD = gnu11;
				GCC_DYNAMIC_NO_PIC = NO;
				GCC_NO_COMMON_BLOCKS = YES;
				GCC_OPTIMIZATION_LEVEL = 0;
				GCC_PREPROCESSOR_DEFINITIONS = (
					"DEBUG=1",
					"$(inherited)",
				);
				GCC_WARN_64_TO_32_BIT_CONVERSION = YES;
				GCC_WARN_ABOUT_RETURN_TYPE = YES_ERROR;
				GCC_WARN_UNDECLARED_SELECTOR = YES;
				GCC_WARN_UNINITIALIZED_AUTOS = YES_AGGRESSIVE;
				GCC_WARN_UNUSED_FUNCTION = YES;
				GCC_WARN_UNUSED_VARIABLE = YES;
				IPHONEOS_DEPLOYMENT_TARGET = 13.4;
				MTL_ENABLE_DEBUG_INFO = INCLUDE_SOURCE;
				MTL_FAST_MATH = YES;
				ONLY_ACTIVE_ARCH = YES;
				SDKROOT = iphoneos;
				SWIFT_ACTIVE_COMPILATION_CONDITIONS = DEBUG;
				SWIFT_OPTIMIZATION_LEVEL = "-Onone";
			};
			name = Debug;
		};
		9834742F24A51793009C4C40 /* Release */ = {
			isa = XCBuildConfiguration;
			buildSettings = {
				ALWAYS_SEARCH_USER_PATHS = NO;
				CLANG_ANALYZER_NONNULL = YES;
				CLANG_ANALYZER_NUMBER_OBJECT_CONVERSION = YES_AGGRESSIVE;
				CLANG_CXX_LANGUAGE_STANDARD = "gnu++14";
				CLANG_CXX_LIBRARY = "libc++";
				CLANG_ENABLE_MODULES = YES;
				CLANG_ENABLE_OBJC_ARC = YES;
				CLANG_ENABLE_OBJC_WEAK = YES;
				CLANG_WARN_BLOCK_CAPTURE_AUTORELEASING = YES;
				CLANG_WARN_BOOL_CONVERSION = YES;
				CLANG_WARN_COMMA = YES;
				CLANG_WARN_CONSTANT_CONVERSION = YES;
				CLANG_WARN_DEPRECATED_OBJC_IMPLEMENTATIONS = YES;
				CLANG_WARN_DIRECT_OBJC_ISA_USAGE = YES_ERROR;
				CLANG_WARN_DOCUMENTATION_COMMENTS = YES;
				CLANG_WARN_EMPTY_BODY = YES;
				CLANG_WARN_ENUM_CONVERSION = YES;
				CLANG_WARN_INFINITE_RECURSION = YES;
				CLANG_WARN_INT_CONVERSION = YES;
				CLANG_WARN_NON_LITERAL_NULL_CONVERSION = YES;
				CLANG_WARN_OBJC_IMPLICIT_RETAIN_SELF = YES;
				CLANG_WARN_OBJC_LITERAL_CONVERSION = YES;
				CLANG_WARN_OBJC_ROOT_CLASS = YES_ERROR;
				CLANG_WARN_RANGE_LOOP_ANALYSIS = YES;
				CLANG_WARN_STRICT_PROTOTYPES = YES;
				CLANG_WARN_SUSPICIOUS_MOVE = YES;
				CLANG_WARN_UNGUARDED_AVAILABILITY = YES_AGGRESSIVE;
				CLANG_WARN_UNREACHABLE_CODE = YES;
				CLANG_WARN__DUPLICATE_METHOD_MATCH = YES;
				COPY_PHASE_STRIP = NO;
				DEBUG_INFORMATION_FORMAT = "dwarf-with-dsym";
				ENABLE_NS_ASSERTIONS = NO;
				ENABLE_STRICT_OBJC_MSGSEND = YES;
				GCC_C_LANGUAGE_STANDARD = gnu11;
				GCC_NO_COMMON_BLOCKS = YES;
				GCC_WARN_64_TO_32_BIT_CONVERSION = YES;
				GCC_WARN_ABOUT_RETURN_TYPE = YES_ERROR;
				GCC_WARN_UNDECLARED_SELECTOR = YES;
				GCC_WARN_UNINITIALIZED_AUTOS = YES_AGGRESSIVE;
				GCC_WARN_UNUSED_FUNCTION = YES;
				GCC_WARN_UNUSED_VARIABLE = YES;
				IPHONEOS_DEPLOYMENT_TARGET = 13.4;
				MTL_ENABLE_DEBUG_INFO = NO;
				MTL_FAST_MATH = YES;
				SDKROOT = iphoneos;
				SWIFT_COMPILATION_MODE = wholemodule;
				SWIFT_OPTIMIZATION_LEVEL = "-O";
				VALIDATE_PRODUCT = YES;
			};
			name = Release;
		};
		9834743124A51793009C4C40 /* Debug */ = {
			isa = XCBuildConfiguration;
			baseConfigurationReference = 8BDD9DE160A3E96E9A555CA8 /* Pods-TelstaCodeBase.debug.xcconfig */;
			buildSettings = {
				ASSETCATALOG_COMPILER_APPICON_NAME = AppIcon;
				CODE_SIGN_STYLE = Automatic;
				CURRENT_PROJECT_VERSION = 1;
				INFOPLIST_FILE = TelistaCodeBase/SupportingFiles/Info.plist;
				IPHONEOS_DEPLOYMENT_TARGET = 11.4;
				LD_RUNPATH_SEARCH_PATHS = (
					"$(inherited)",
					"@executable_path/Frameworks",
				);
				MARKETING_VERSION = 1.0;
				PRODUCT_BUNDLE_IDENTIFIER = com.vamsi.com.TelistaCodeBase;
				PRODUCT_NAME = "$(TARGET_NAME)";
				SWIFT_VERSION = 5.0;
				TARGETED_DEVICE_FAMILY = "1,2";
			};
			name = Debug;
		};
		9834743224A51793009C4C40 /* Release */ = {
			isa = XCBuildConfiguration;
			baseConfigurationReference = 60462D8BF0595C86C5916F87 /* Pods-TelstaCodeBase.release.xcconfig */;
			buildSettings = {
				ASSETCATALOG_COMPILER_APPICON_NAME = AppIcon;
				CODE_SIGN_STYLE = Automatic;
				CURRENT_PROJECT_VERSION = 1;
				INFOPLIST_FILE = TelistaCodeBase/SupportingFiles/Info.plist;
				IPHONEOS_DEPLOYMENT_TARGET = 11.4;
				LD_RUNPATH_SEARCH_PATHS = (
					"$(inherited)",
					"@executable_path/Frameworks",
				);
				MARKETING_VERSION = 1.0;
				PRODUCT_BUNDLE_IDENTIFIER = com.vamsi.com.TelistaCodeBase;
				PRODUCT_NAME = "$(TARGET_NAME)";
				SWIFT_VERSION = 5.0;
				TARGETED_DEVICE_FAMILY = "1,2";
			};
			name = Release;
		};
		9834743424A51793009C4C40 /* Debug */ = {
			isa = XCBuildConfiguration;
			baseConfigurationReference = 2C70014F65A11C2F6192CDC6 /* Pods-TelstaCodeBaseTests.debug.xcconfig */;
			buildSettings = {
				ALWAYS_EMBED_SWIFT_STANDARD_LIBRARIES = YES;
				BUNDLE_LOADER = "$(TEST_HOST)";
				CODE_SIGN_STYLE = Automatic;
				INFOPLIST_FILE = TelistaCodeBaseTests/Info.plist;
				IPHONEOS_DEPLOYMENT_TARGET = 13.4;
				LD_RUNPATH_SEARCH_PATHS = (
					"$(inherited)",
					"@executable_path/Frameworks",
					"@loader_path/Frameworks",
				);
				PRODUCT_BUNDLE_IDENTIFIER = com.vamsi.com.TelistaCodeBaseTests;
				PRODUCT_NAME = "$(TARGET_NAME)";
				SWIFT_VERSION = 5.0;
				TARGETED_DEVICE_FAMILY = "1,2";
				TEST_HOST = "$(BUILT_PRODUCTS_DIR)/TelstaCodeBase.app/TelstaCodeBase";
			};
			name = Debug;
		};
		9834743524A51793009C4C40 /* Release */ = {
			isa = XCBuildConfiguration;
			baseConfigurationReference = 687E83C9F95C10F7C2886E44 /* Pods-TelstaCodeBaseTests.release.xcconfig */;
			buildSettings = {
				ALWAYS_EMBED_SWIFT_STANDARD_LIBRARIES = YES;
				BUNDLE_LOADER = "$(TEST_HOST)";
				CODE_SIGN_STYLE = Automatic;
				INFOPLIST_FILE = TelistaCodeBaseTests/Info.plist;
				IPHONEOS_DEPLOYMENT_TARGET = 13.4;
				LD_RUNPATH_SEARCH_PATHS = (
					"$(inherited)",
					"@executable_path/Frameworks",
					"@loader_path/Frameworks",
				);
				PRODUCT_BUNDLE_IDENTIFIER = com.vamsi.com.TelistaCodeBaseTests;
				PRODUCT_NAME = "$(TARGET_NAME)";
				SWIFT_VERSION = 5.0;
				TARGETED_DEVICE_FAMILY = "1,2";
				TEST_HOST = "$(BUILT_PRODUCTS_DIR)/TelstaCodeBase.app/TelstaCodeBase";
			};
			name = Release;
		};
		98E8275824AB1364006E77FB /* Debug */ = {
			isa = XCBuildConfiguration;
			buildSettings = {
				CODE_SIGN_STYLE = Automatic;
				INFOPLIST_FILE = TelstaCodeBaseUITests/Info.plist;
				LD_RUNPATH_SEARCH_PATHS = (
					"$(inherited)",
					"@executable_path/Frameworks",
					"@loader_path/Frameworks",
				);
				PRODUCT_BUNDLE_IDENTIFIER = com.vamsi.com.TelstaCodeBaseUITests;
				PRODUCT_NAME = "$(TARGET_NAME)";
				SWIFT_VERSION = 5.0;
				TARGETED_DEVICE_FAMILY = "1,2";
				TEST_TARGET_NAME = TelstaCodeBase;
			};
			name = Debug;
		};
		98E8275924AB1364006E77FB /* Release */ = {
			isa = XCBuildConfiguration;
			buildSettings = {
				CODE_SIGN_STYLE = Automatic;
				INFOPLIST_FILE = TelstaCodeBaseUITests/Info.plist;
				LD_RUNPATH_SEARCH_PATHS = (
					"$(inherited)",
					"@executable_path/Frameworks",
					"@loader_path/Frameworks",
				);
				PRODUCT_BUNDLE_IDENTIFIER = com.vamsi.com.TelstaCodeBaseUITests;
				PRODUCT_NAME = "$(TARGET_NAME)";
				SWIFT_VERSION = 5.0;
				TARGETED_DEVICE_FAMILY = "1,2";
				TEST_TARGET_NAME = TelstaCodeBase;
			};
			name = Release;
		};
/* End XCBuildConfiguration section */

/* Begin XCConfigurationList section */
		9834740124A51784009C4C40 /* Build configuration list for PBXProject "TelstaCodeBase" */ = {
			isa = XCConfigurationList;
			buildConfigurations = (
				9834742E24A51793009C4C40 /* Debug */,
				9834742F24A51793009C4C40 /* Release */,
			);
			defaultConfigurationIsVisible = 0;
			defaultConfigurationName = Release;
		};
		9834743024A51793009C4C40 /* Build configuration list for PBXNativeTarget "TelstaCodeBase" */ = {
			isa = XCConfigurationList;
			buildConfigurations = (
				9834743124A51793009C4C40 /* Debug */,
				9834743224A51793009C4C40 /* Release */,
			);
			defaultConfigurationIsVisible = 0;
			defaultConfigurationName = Release;
		};
		9834743324A51793009C4C40 /* Build configuration list for PBXNativeTarget "TelstaCodeBaseTests" */ = {
			isa = XCConfigurationList;
			buildConfigurations = (
				9834743424A51793009C4C40 /* Debug */,
				9834743524A51793009C4C40 /* Release */,
			);
			defaultConfigurationIsVisible = 0;
			defaultConfigurationName = Release;
		};
		98E8275724AB1364006E77FB /* Build configuration list for PBXNativeTarget "TelstaCodeBaseUITests" */ = {
			isa = XCConfigurationList;
			buildConfigurations = (
				98E8275824AB1364006E77FB /* Debug */,
				98E8275924AB1364006E77FB /* Release */,
			);
			defaultConfigurationIsVisible = 0;
			defaultConfigurationName = Release;
		};
/* End XCConfigurationList section */
	};
	rootObject = 983473FE24A51784009C4C40 /* Project object */;
}
